
Microsoft Visual Studio Solution File, Format Version 12.00
# Visual Studio Version 17
VisualStudioVersion = 17.0.32014.148
MinimumVisualStudioVersion = 10.0.40219.1
Project("{FAE04EC0-301F-11D3-BF4B-00C04F79EFBC}") = "Laba1.Term2", "Laba1.Term2\Laba1.Term2.csproj", "{638CA2B5-D6DF-403F-94D7-566DA4E0F4F0}"
EndProject
Global
	GlobalSection(SolutionConfigurationPlatforms) = preSolution
		Debug|Any CPU = Debug|Any CPU
		Release|Any CPU = Release|Any CPU
	EndGlobalSection
	GlobalSection(ProjectConfigurationPlatforms) = postSolution
		{638CA2B5-D6DF-403F-94D7-566DA4E0F4F0}.Debug|Any CPU.ActiveCfg = Debug|Any CPU
		{638CA2B5-D6DF-403F-94D7-566DA4E0F4F0}.Debug|Any CPU.Build.0 = Debug|Any CPU
		{638CA2B5-D6DF-403F-94D7-566DA4E0F4F0}.Release|Any CPU.ActiveCfg = Release|Any CPU
		{638CA2B5-D6DF-403F-94D7-566DA4E0F4F0}.Release|Any CPU.Build.0 = Release|Any CPU
	EndGlobalSection
	GlobalSection(SolutionProperties) = preSolution
		HideSolutionNode = FALSE
	EndGlobalSection
	GlobalSection(ExtensibilityGlobals) = postSolution
		SolutionGuid = {3968EA25-D313-41B3-8BCF-115005FC10CA}
	EndGlobalSection
EndGlobal
